// !$*UTF8*$!
{
	archiveVersion = 1;
	classes = {
	};
	objectVersion = 46;
	objects = {

/* Begin PBXBuildFile section */
		F43288B41DBDAA5A008B3EBC /* AppDelegate.swift in Sources */ = {isa = PBXBuildFile; fileRef = F43288B31DBDAA5A008B3EBC /* AppDelegate.swift */; };
		F43288B61DBDAA5A008B3EBC /* ViewController.swift in Sources */ = {isa = PBXBuildFile; fileRef = F43288B51DBDAA5A008B3EBC /* ViewController.swift */; };
		F43288B81DBDAA5A008B3EBC /* Assets.xcassets in Resources */ = {isa = PBXBuildFile; fileRef = F43288B71DBDAA5A008B3EBC /* Assets.xcassets */; };
		F43288BB1DBDAA5A008B3EBC /* Main.storyboard in Resources */ = {isa = PBXBuildFile; fileRef = F43288B91DBDAA5A008B3EBC /* Main.storyboard */; };
		F43288CA1DBDE78C008B3EBC /* XCGLogger.framework in Frameworks */ = {isa = PBXBuildFile; fileRef = F43288C91DBDE78C008B3EBC /* XCGLogger.framework */; };
		F43288D01DBDE895008B3EBC /* XCGLogger.framework.dSYM in CopyFiles */ = {isa = PBXBuildFile; fileRef = F43288CF1DBDE895008B3EBC /* XCGLogger.framework.dSYM */; };
		F43288D41DBDE8F7008B3EBC /* Log.swift in Sources */ = {isa = PBXBuildFile; fileRef = F43288D31DBDE8F7008B3EBC /* Log.swift */; };
		F43288D61DBDF34A008B3EBC /* DragAndDropImageView.swift in Sources */ = {isa = PBXBuildFile; fileRef = F43288D51DBDF34A008B3EBC /* DragAndDropImageView.swift */; };
		F43288D81DBE0C2C008B3EBC /* appicon.json in Resources */ = {isa = PBXBuildFile; fileRef = F43288D71DBE0C2C008B3EBC /* appicon.json */; };
		F43288DA1DBF2B08008B3EBC /* AppIcon.swift in Sources */ = {isa = PBXBuildFile; fileRef = F43288D91DBF2B08008B3EBC /* AppIcon.swift */; };
		F43288DC1DBF6AE1008B3EBC /* launchimage.json in Resources */ = {isa = PBXBuildFile; fileRef = F43288DB1DBF6AE1008B3EBC /* launchimage.json */; };
/* End PBXBuildFile section */

/* Begin PBXCopyFilesBuildPhase section */
		F43288CC1DBDE821008B3EBC /* CopyFiles */ = {
			isa = PBXCopyFilesBuildPhase;
			buildActionMask = 2147483647;
			dstPath = "";
			dstSubfolderSpec = 16;
			files = (
				F43288D01DBDE895008B3EBC /* XCGLogger.framework.dSYM in CopyFiles */,
			);
			runOnlyForDeploymentPostprocessing = 0;
		};
/* End PBXCopyFilesBuildPhase section */

/* Begin PBXFileReference section */
		F43288B01DBDAA5A008B3EBC /* Iconer.app */ = {isa = PBXFileReference; explicitFileType = wrapper.application; includeInIndex = 0; path = Iconer.app; sourceTree = BUILT_PRODUCTS_DIR; };
		F43288B31DBDAA5A008B3EBC /* AppDelegate.swift */ = {isa = PBXFileReference; lastKnownFileType = sourcecode.swift; path = AppDelegate.swift; sourceTree = "<group>"; };
		F43288B51DBDAA5A008B3EBC /* ViewController.swift */ = {isa = PBXFileReference; lastKnownFileType = sourcecode.swift; path = ViewController.swift; sourceTree = "<group>"; };
		F43288B71DBDAA5A008B3EBC /* Assets.xcassets */ = {isa = PBXFileReference; lastKnownFileType = folder.assetcatalog; path = Assets.xcassets; sourceTree = "<group>"; };
		F43288BA1DBDAA5A008B3EBC /* Base */ = {isa = PBXFileReference; lastKnownFileType = file.storyboard; name = Base; path = Base.lproj/Main.storyboard; sourceTree = "<group>"; };
		F43288BC1DBDAA5A008B3EBC /* Info.plist */ = {isa = PBXFileReference; lastKnownFileType = text.plist.xml; path = Info.plist; sourceTree = "<group>"; };
		F43288C91DBDE78C008B3EBC /* XCGLogger.framework */ = {isa = PBXFileReference; lastKnownFileType = wrapper.framework; name = XCGLogger.framework; path = Carthage/Build/Mac/XCGLogger.framework; sourceTree = "<group>"; };
		F43288CF1DBDE895008B3EBC /* XCGLogger.framework.dSYM */ = {isa = PBXFileReference; lastKnownFileType = wrapper.dsym; name = XCGLogger.framework.dSYM; path = Carthage/Build/Mac/XCGLogger.framework.dSYM; sourceTree = "<group>"; };
		F43288D31DBDE8F7008B3EBC /* Log.swift */ = {isa = PBXFileReference; fileEncoding = 4; lastKnownFileType = sourcecode.swift; path = Log.swift; sourceTree = "<group>"; };
		F43288D51DBDF34A008B3EBC /* DragAndDropImageView.swift */ = {isa = PBXFileReference; fileEncoding = 4; lastKnownFileType = sourcecode.swift; path = DragAndDropImageView.swift; sourceTree = "<group>"; };
		F43288D71DBE0C2C008B3EBC /* appicon.json */ = {isa = PBXFileReference; fileEncoding = 4; lastKnownFileType = text.json; path = appicon.json; sourceTree = "<group>"; };
		F43288D91DBF2B08008B3EBC /* AppIcon.swift */ = {isa = PBXFileReference; fileEncoding = 4; lastKnownFileType = sourcecode.swift; path = AppIcon.swift; sourceTree = "<group>"; };
		F43288DB1DBF6AE1008B3EBC /* launchimage.json */ = {isa = PBXFileReference; fileEncoding = 4; lastKnownFileType = text.json; path = launchimage.json; sourceTree = "<group>"; };
/* End PBXFileReference section */

/* Begin PBXFrameworksBuildPhase section */
		F43288AD1DBDAA5A008B3EBC /* Frameworks */ = {
			isa = PBXFrameworksBuildPhase;
			buildActionMask = 2147483647;
			files = (
				F43288CA1DBDE78C008B3EBC /* XCGLogger.framework in Frameworks */,
			);
			runOnlyForDeploymentPostprocessing = 0;
		};
/* End PBXFrameworksBuildPhase section */

/* Begin PBXGroup section */
		F43288A71DBDAA5A008B3EBC = {
			isa = PBXGroup;
			children = (
				F43288B21DBDAA5A008B3EBC /* Iconer */,
				F43288B11DBDAA5A008B3EBC /* Products */,
				F43288C81DBDE78C008B3EBC /* Frameworks */,
			);
			sourceTree = "<group>";
		};
		F43288B11DBDAA5A008B3EBC /* Products */ = {
			isa = PBXGroup;
			children = (
				F43288B01DBDAA5A008B3EBC /* Iconer.app */,
			);
			name = Products;
			sourceTree = "<group>";
		};
		F43288B21DBDAA5A008B3EBC /* Iconer */ = {
			isa = PBXGroup;
			children = (
				F43288B31DBDAA5A008B3EBC /* AppDelegate.swift */,
				F43288B51DBDAA5A008B3EBC /* ViewController.swift */,
				F43288D91DBF2B08008B3EBC /* AppIcon.swift */,
				F43288D51DBDF34A008B3EBC /* DragAndDropImageView.swift */,
				F43288D71DBE0C2C008B3EBC /* appicon.json */,
				F43288DB1DBF6AE1008B3EBC /* launchimage.json */,
				F43288D21DBDE8D5008B3EBC /* Logger */,
				F43288B71DBDAA5A008B3EBC /* Assets.xcassets */,
				F43288B91DBDAA5A008B3EBC /* Main.storyboard */,
				F43288BC1DBDAA5A008B3EBC /* Info.plist */,
			);
			path = Iconer;
			sourceTree = "<group>";
		};
		F43288C81DBDE78C008B3EBC /* Frameworks */ = {
			isa = PBXGroup;
			children = (
				F43288D11DBDE89F008B3EBC /* XCGLogger */,
			);
			name = Frameworks;
			sourceTree = "<group>";
		};
		F43288D11DBDE89F008B3EBC /* XCGLogger */ = {
			isa = PBXGroup;
			children = (
				F43288CF1DBDE895008B3EBC /* XCGLogger.framework.dSYM */,
				F43288C91DBDE78C008B3EBC /* XCGLogger.framework */,
			);
			name = XCGLogger;
			sourceTree = "<group>";
		};
		F43288D21DBDE8D5008B3EBC /* Logger */ = {
			isa = PBXGroup;
			children = (
				F43288D31DBDE8F7008B3EBC /* Log.swift */,
			);
			name = Logger;
			sourceTree = "<group>";
		};
/* End PBXGroup section */

/* Begin PBXNativeTarget section */
		F43288AF1DBDAA5A008B3EBC /* Iconer */ = {
			isa = PBXNativeTarget;
			buildConfigurationList = F43288BF1DBDAA5A008B3EBC /* Build configuration list for PBXNativeTarget "Iconer" */;
			buildPhases = (
				F43288AC1DBDAA5A008B3EBC /* Sources */,
				F43288AD1DBDAA5A008B3EBC /* Frameworks */,
				F43288AE1DBDAA5A008B3EBC /* Resources */,
				F43288CB1DBDE7A4008B3EBC /* ShellScript */,
				F43288CC1DBDE821008B3EBC /* CopyFiles */,
			);
			buildRules = (
			);
			dependencies = (
			);
			name = Iconer;
			productName = Iconer;
			productReference = F43288B01DBDAA5A008B3EBC /* Iconer.app */;
			productType = "com.apple.product-type.application";
		};
/* End PBXNativeTarget section */

/* Begin PBXProject section */
		F43288A81DBDAA5A008B3EBC /* Project object */ = {
			isa = PBXProject;
			attributes = {
				LastSwiftUpdateCheck = 0800;
				LastUpgradeCheck = 0800;
				TargetAttributes = {
					F43288AF1DBDAA5A008B3EBC = {
						CreatedOnToolsVersion = 8.0;
						DevelopmentTeam = KS8786N6FD;
						ProvisioningStyle = Automatic;
					};
				};
			};
			buildConfigurationList = F43288AB1DBDAA5A008B3EBC /* Build configuration list for PBXProject "Iconer" */;
			compatibilityVersion = "Xcode 3.2";
			developmentRegion = English;
			hasScannedForEncodings = 0;
			knownRegions = (
				en,
				Base,
			);
			mainGroup = F43288A71DBDAA5A008B3EBC;
			productRefGroup = F43288B11DBDAA5A008B3EBC /* Products */;
			projectDirPath = "";
			projectRoot = "";
			targets = (
				F43288AF1DBDAA5A008B3EBC /* Iconer */,
			);
		};
/* End PBXProject section */

/* Begin PBXResourcesBuildPhase section */
		F43288AE1DBDAA5A008B3EBC /* Resources */ = {
			isa = PBXResourcesBuildPhase;
			buildActionMask = 2147483647;
			files = (
				F43288D81DBE0C2C008B3EBC /* appicon.json in Resources */,
				F43288B81DBDAA5A008B3EBC /* Assets.xcassets in Resources */,
				F43288DC1DBF6AE1008B3EBC /* launchimage.json in Resources */,
				F43288BB1DBDAA5A008B3EBC /* Main.storyboard in Resources */,
			);
			runOnlyForDeploymentPostprocessing = 0;
		};
/* End PBXResourcesBuildPhase section */

/* Begin PBXShellScriptBuildPhase section */
		F43288CB1DBDE7A4008B3EBC /* ShellScript */ = {
			isa = PBXShellScriptBuildPhase;
			buildActionMask = 2147483647;
			files = (
			);
			inputPaths = (
				"$(SRCROOT)/Carthage/Build/Mac/XCGLogger.framework",
			);
			outputPaths = (
			);
			runOnlyForDeploymentPostprocessing = 0;
			shellPath = /bin/sh;
			shellScript = "/usr/local/bin/carthage copy-frameworks\n";
		};
/* End PBXShellScriptBuildPhase section */

/* Begin PBXSourcesBuildPhase section */
		F43288AC1DBDAA5A008B3EBC /* Sources */ = {
			isa = PBXSourcesBuildPhase;
			buildActionMask = 2147483647;
			files = (
				F43288DA1DBF2B08008B3EBC /* AppIcon.swift in Sources */,
				F43288B61DBDAA5A008B3EBC /* ViewController.swift in Sources */,
				F43288D61DBDF34A008B3EBC /* DragAndDropImageView.swift in Sources */,
				F43288B41DBDAA5A008B3EBC /* AppDelegate.swift in Sources */,
				F43288D41DBDE8F7008B3EBC /* Log.swift in Sources */,
			);
			runOnlyForDeploymentPostprocessing = 0;
		};
/* End PBXSourcesBuildPhase section */

/* Begin PBXVariantGroup section */
		F43288B91DBDAA5A008B3EBC /* Main.storyboard */ = {
			isa = PBXVariantGroup;
			children = (
				F43288BA1DBDAA5A008B3EBC /* Base */,
			);
			name = Main.storyboard;
			sourceTree = "<group>";
		};
/* End PBXVariantGroup section */

/* Begin XCBuildConfiguration section */
		F43288BD1DBDAA5A008B3EBC /* Debug */ = {
			isa = XCBuildConfiguration;
			buildSettings = {
				ALWAYS_SEARCH_USER_PATHS = NO;
				CLANG_ANALYZER_NONNULL = YES;
				CLANG_CXX_LANGUAGE_STANDARD = "gnu++0x";
				CLANG_CXX_LIBRARY = "libc++";
				CLANG_ENABLE_MODULES = YES;
				CLANG_ENABLE_OBJC_ARC = YES;
				CLANG_WARN_BOOL_CONVERSION = YES;
				CLANG_WARN_CONSTANT_CONVERSION = YES;
				CLANG_WARN_DIRECT_OBJC_ISA_USAGE = YES_ERROR;
				CLANG_WARN_DOCUMENTATION_COMMENTS = YES;
				CLANG_WARN_EMPTY_BODY = YES;
				CLANG_WARN_ENUM_CONVERSION = YES;
				CLANG_WARN_INFINITE_RECURSION = YES;
				CLANG_WARN_INT_CONVERSION = YES;
				CLANG_WARN_OBJC_ROOT_CLASS = YES_ERROR;
				CLANG_WARN_SUSPICIOUS_MOVES = YES;
				CLANG_WARN_UNREACHABLE_CODE = YES;
				CLANG_WARN__DUPLICATE_METHOD_MATCH = YES;
				CODE_SIGN_IDENTITY = "-";
				COPY_PHASE_STRIP = NO;
				DEBUG_INFORMATION_FORMAT = dwarf;
				ENABLE_STRICT_OBJC_MSGSEND = YES;
				ENABLE_TESTABILITY = YES;
				GCC_C_LANGUAGE_STANDARD = gnu99;
				GCC_DYNAMIC_NO_PIC = NO;
				GCC_NO_COMMON_BLOCKS = YES;
				GCC_OPTIMIZATION_LEVEL = 0;
				GCC_PREPROCESSOR_DEFINITIONS = (
					"DEBUG=1",
					"$(inherited)",
				);
				GCC_WARN_64_TO_32_BIT_CONVERSION = YES;
				GCC_WARN_ABOUT_RETURN_TYPE = YES_ERROR;
				GCC_WARN_UNDECLARED_SELECTOR = YES;
				GCC_WARN_UNINITIALIZED_AUTOS = YES_AGGRESSIVE;
				GCC_WARN_UNUSED_FUNCTION = YES;
				GCC_WARN_UNUSED_VARIABLE = YES;
				MACOSX_DEPLOYMENT_TARGET = 10.11;
				MTL_ENABLE_DEBUG_INFO = YES;
				ONLY_ACTIVE_ARCH = YES;
				SDKROOT = macosx;
				SWIFT_ACTIVE_COMPILATION_CONDITIONS = DEBUG;
				SWIFT_OPTIMIZATION_LEVEL = "-Onone";
			};
			name = Debug;
		};
		F43288BE1DBDAA5A008B3EBC /* Release */ = {
			isa = XCBuildConfiguration;
			buildSettings = {
				ALWAYS_SEARCH_USER_PATHS = NO;
				CLANG_ANALYZER_NONNULL = YES;
				CLANG_CXX_LANGUAGE_STANDARD = "gnu++0x";
				CLANG_CXX_LIBRARY = "libc++";
				CLANG_ENABLE_MODULES = YES;
				CLANG_ENABLE_OBJC_ARC = YES;
				CLANG_WARN_BOOL_CONVERSION = YES;
				CLANG_WARN_CONSTANT_CONVERSION = YES;
				CLANG_WARN_DIRECT_OBJC_ISA_USAGE = YES_ERROR;
				CLANG_WARN_DOCUMENTATION_COMMENTS = YES;
				CLANG_WARN_EMPTY_BODY = YES;
				CLANG_WARN_ENUM_CONVERSION = YES;
				CLANG_WARN_INFINITE_RECURSION = YES;
				CLANG_WARN_INT_CONVERSION = YES;
				CLANG_WARN_OBJC_ROOT_CLASS = YES_ERROR;
				CLANG_WARN_SUSPICIOUS_MOVES = YES;
				CLANG_WARN_UNREACHABLE_CODE = YES;
				CLANG_WARN__DUPLICATE_METHOD_MATCH = YES;
				CODE_SIGN_IDENTITY = "-";
				COPY_PHASE_STRIP = NO;
				DEBUG_INFORMATION_FORMAT = "dwarf-with-dsym";
				ENABLE_NS_ASSERTIONS = NO;
				ENABLE_STRICT_OBJC_MSGSEND = YES;
				GCC_C_LANGUAGE_STANDARD = gnu99;
				GCC_NO_COMMON_BLOCKS = YES;
				GCC_WARN_64_TO_32_BIT_CONVERSION = YES;
				GCC_WARN_ABOUT_RETURN_TYPE = YES_ERROR;
				GCC_WARN_UNDECLARED_SELECTOR = YES;
				GCC_WARN_UNINITIALIZED_AUTOS = YES_AGGRESSIVE;
				GCC_WARN_UNUSED_FUNCTION = YES;
				GCC_WARN_UNUSED_VARIABLE = YES;
				MACOSX_DEPLOYMENT_TARGET = 10.11;
				MTL_ENABLE_DEBUG_INFO = NO;
				SDKROOT = macosx;
				SWIFT_OPTIMIZATION_LEVEL = "-Owholemodule";
			};
			name = Release;
		};
		F43288C01DBDAA5A008B3EBC /* Debug */ = {
			isa = XCBuildConfiguration;
			buildSettings = {
				ASSETCATALOG_COMPILER_APPICON_NAME = AppIcon;
				CODE_SIGN_IDENTITY = "Mac Developer";
				COMBINE_HIDPI_IMAGES = YES;
				DEVELOPMENT_TEAM = KS8786N6FD;
				FRAMEWORK_SEARCH_PATHS = (
					"$(inherited)",
					"$(PROJECT_DIR)/Carthage/Build/Mac",
				);
				INFOPLIST_FILE = Iconer/Info.plist;
				LD_RUNPATH_SEARCH_PATHS = "$(inherited) @executable_path/../Frameworks";
				PRODUCT_BUNDLE_IDENTIFIER = com.jarvis.Iconer;
				PRODUCT_NAME = "$(TARGET_NAME)";
				SWIFT_VERSION = 3.0;
			};
			name = Debug;
		};
		F43288C11DBDAA5A008B3EBC /* Release */ = {
			isa = XCBuildConfiguration;
			buildSettings = {
				ASSETCATALOG_COMPILER_APPICON_NAME = AppIcon;
				CODE_SIGN_IDENTITY = "Mac Developer";
				COMBINE_HIDPI_IMAGES = YES;
				DEVELOPMENT_TEAM = KS8786N6FD;
				FRAMEWORK_SEARCH_PATHS = (
					"$(inherited)",
					"$(PROJECT_DIR)/Carthage/Build/Mac",
				);
				INFOPLIST_FILE = Iconer/Info.plist;
				LD_RUNPATH_SEARCH_PATHS = "$(inherited) @executable_path/../Frameworks";
				PRODUCT_BUNDLE_IDENTIFIER = com.jarvis.Iconer;
				PRODUCT_NAME = "$(TARGET_NAME)";
				SWIFT_VERSION = 3.0;
			};
			name = Release;
		};
/* End XCBuildConfiguration section */

/* Begin XCConfigurationList section */
		F43288AB1DBDAA5A008B3EBC /* Build configuration list for PBXProject "Iconer" */ = {
			isa = XCConfigurationList;
			buildConfigurations = (
				F43288BD1DBDAA5A008B3EBC /* Debug */,
				F43288BE1DBDAA5A008B3EBC /* Release */,
			);
			defaultConfigurationIsVisible = 0;
			defaultConfigurationName = Release;
		};
		F43288BF1DBDAA5A008B3EBC /* Build configuration list for PBXNativeTarget "Iconer" */ = {
			isa = XCConfigurationList;
			buildConfigurations = (
				F43288C01DBDAA5A008B3EBC /* Debug */,
				F43288C11DBDAA5A008B3EBC /* Release */,
			);
			defaultConfigurationIsVisible = 0;
			defaultConfigurationName = Release;
		};
/* End XCConfigurationList section */
	};
	rootObject = F43288A81DBDAA5A008B3EBC /* Project object */;
}
